{
  "version": 4,
  "terraform_version": "1.0.10",
  "serial": 11,
  "lineage": "82e2f92e-87ea-4d65-5c94-26d57ac500ab",
  "outputs": {},
  "resources": [
    {
      "mode": "managed",
      "type": "aws_instance",
      "name": "main",
      "provider": "provider[\"registry.terraform.io/hashicorp/aws\"]",
      "instances": [
        {
          "schema_version": 1,
          "attributes": {
            "ami": "ami-0fcc151e2f886a5d2",
            "arn": "arn:aws:ec2:sa-east-1:941513329680:instance/i-04a12aecf86211eea",
            "associate_public_ip_address": true,
            "availability_zone": "sa-east-1c",
            "capacity_reservation_specification": [
              {
                "capacity_reservation_preference": "open",
                "capacity_reservation_target": []
              }
            ],
            "cpu_core_count": 1,
            "cpu_threads_per_core": 1,
            "credit_specification": [
              {
                "cpu_credits": "standard"
              }
            ],
            "disable_api_termination": false,
            "ebs_block_device": [],
            "ebs_optimized": false,
            "enclave_options": [
              {
                "enabled": false
              }
            ],
            "ephemeral_block_device": [],
            "get_password_data": false,
            "hibernation": false,
            "host_id": null,
            "iam_instance_profile": "",
            "id": "i-04a12aecf86211eea",
            "instance_initiated_shutdown_behavior": "stop",
            "instance_state": "running",
            "instance_type": "t2.micro",
            "ipv6_address_count": 0,
            "ipv6_addresses": [],
            "key_name": "clouddevops",
            "launch_template": [],
            "metadata_options": [
              {
                "http_endpoint": "enabled",
                "http_put_response_hop_limit": 1,
                "http_tokens": "optional"
              }
            ],
            "monitoring": false,
            "network_interface": [],
            "outpost_arn": "",
            "password_data": "",
            "placement_group": "",
            "placement_partition_number": null,
            "primary_network_interface_id": "eni-0f189a59397f9915f",
            "private_dns": "ip-172-31-33-151.sa-east-1.compute.internal",
            "private_ip": "172.31.33.151",
            "public_dns": "ec2-15-228-57-51.sa-east-1.compute.amazonaws.com",
            "public_ip": "15.228.57.51",
            "root_block_device": [
              {
                "delete_on_termination": true,
                "device_name": "/dev/sda1",
                "encrypted": false,
                "iops": 0,
                "kms_key_id": "",
                "tags": null,
                "throughput": 0,
                "volume_id": "vol-05c5abaaa252e471c",
                "volume_size": 30,
                "volume_type": "standard"
              }
            ],
            "secondary_private_ips": [],
            "security_groups": [
              "AWS_WIN2012-security-group"
            ],
            "source_dest_check": true,
            "subnet_id": "subnet-6df5bc36",
            "tags": {
              "Año": "2021",
              "Carrera": "CloudDevOps",
              "Entorno": "Stage",
              "Equipo": "Team2",
              "Institución": "EducacionIT",
              "Name": "InstanciaCloudDevopsTeam2",
              "Proyecto": "CloudDevOps",
              "SO": "Windows Server 2012"
            },
            "tags_all": {
              "Año": "2021",
              "Carrera": "CloudDevOps",
              "Entorno": "Stage",
              "Equipo": "Team2",
              "Institución": "EducacionIT",
              "Name": "InstanciaCloudDevopsTeam2",
              "Proyecto": "CloudDevOps",
              "SO": "Windows Server 2012"
            },
            "tenancy": "default",
            "timeouts": null,
            "user_data": null,
            "user_data_base64": null,
            "volume_tags": null,
            "vpc_security_group_ids": [
              "sg-0cb79ea4853a9e04b"
            ]
          },
          "sensitive_attributes": [],
          "private": "eyJlMmJmYjczMC1lY2FhLTExZTYtOGY4OC0zNDM2M2JjN2M0YzAiOnsiY3JlYXRlIjo2MDAwMDAwMDAwMDAsImRlbGV0ZSI6MTIwMDAwMDAwMDAwMCwidXBkYXRlIjo2MDAwMDAwMDAwMDB9LCJzY2hlbWFfdmVyc2lvbiI6IjEifQ==",
          "dependencies": [
            "aws_key_pair.main",
            "aws_security_group.main"
          ]
        }
      ]
    },
    {
      "mode": "managed",
      "type": "aws_key_pair",
      "name": "main",
      "provider": "provider[\"registry.terraform.io/hashicorp/aws\"]",
      "instances": [
        {
          "schema_version": 1,
          "attributes": {
            "arn": "arn:aws:ec2:sa-east-1:941513329680:key-pair/clouddevops",
            "fingerprint": "75:71:d2:f8:cd:1d:b5:75:f2:27:b2:bb:76:98:d9:a2",
            "id": "clouddevops",
            "key_name": "clouddevops",
            "key_name_prefix": null,
            "key_pair_id": "key-0b18038b6f84799db",
            "public_key": "ssh-rsa AAAAB3NzaC1yc2EAAAADAQABAAABAQCdOvlhCmd2JjgGZ+NTeCkxeEtVDVc3Qz5c4aLehqQCeZTh4SLpCNrEU0ZGkz08xO1cBtpdu4T0gLaQ48/bebgMonZ8goU9BP3pF2YDkDauo44+oIDZKaQ7atuirlkKSNyJ4ML1p1I2MKSCDiWHKabBW8HbwT74zG+PBHQcFmaF2m7gFXtckg0D6VsUrv75JVgQCXPj3nzI17JMEqmNYzZF/emAXdD3cqb469/JphtgO6B7xxPuIQWG+iNiTYKZf/yDGCI7tsyNcpRjrfcrvyYSj+3+Wnig+X7lyKUVy9QPToPd9OWko6xaG+aE5l/OLbSJjrNFSdk6Bni4MeTAhS8X",
            "tags": {},
            "tags_all": {}
          },
          "sensitive_attributes": [],
          "private": "eyJzY2hlbWFfdmVyc2lvbiI6IjEifQ=="
        }
      ]
    },
    {
      "mode": "managed",
      "type": "aws_security_group",
      "name": "main",
      "provider": "provider[\"registry.terraform.io/hashicorp/aws\"]",
      "instances": [
        {
          "schema_version": 1,
          "attributes": {
            "arn": "arn:aws:ec2:sa-east-1:941513329680:security-group/sg-0cb79ea4853a9e04b",
            "description": "Managed by Terraform",
            "egress": [
              {
                "cidr_blocks": [
                  "0.0.0.0/0"
                ],
                "description": "",
                "from_port": 0,
                "ipv6_cidr_blocks": [],
                "prefix_list_ids": [],
                "protocol": "tcp",
                "security_groups": [],
                "self": false,
                "to_port": 0
              }
            ],
            "id": "sg-0cb79ea4853a9e04b",
            "ingress": [
              {
                "cidr_blocks": [
                  "0.0.0.0/0"
                ],
                "description": "",
                "from_port": 3389,
                "ipv6_cidr_blocks": [],
                "prefix_list_ids": [],
                "protocol": "tcp",
                "security_groups": [],
                "self": false,
                "to_port": 3389
              }
            ],
            "name": "AWS_WIN2012-security-group",
            "name_prefix": "",
            "owner_id": "941513329680",
            "revoke_rules_on_delete": false,
            "tags": {
              "Name": "AWS_WIN2012-security-group"
            },
            "tags_all": {
              "Name": "AWS_WIN2012-security-group"
            },
            "timeouts": null,
            "vpc_id": "vpc-c021f0a6"
          },
          "sensitive_attributes": [],
          "private": "eyJlMmJmYjczMC1lY2FhLTExZTYtOGY4OC0zNDM2M2JjN2M0YzAiOnsiY3JlYXRlIjo2MDAwMDAwMDAwMDAsImRlbGV0ZSI6OTAwMDAwMDAwMDAwfSwic2NoZW1hX3ZlcnNpb24iOiIxIn0="
        }
      ]
    }
  ]
}
