{
  "version": 4,
  "terraform_version": "1.0.10",
  "serial": 9,
  "lineage": "82e2f92e-87ea-4d65-5c94-26d57ac500ab",
  "outputs": {},
  "resources": [
    {
      "mode": "managed",
      "type": "aws_key_pair",
      "name": "main",
      "provider": "provider[\"registry.terraform.io/hashicorp/aws\"]",
      "instances": [
        {
          "schema_version": 1,
          "attributes": {
            "arn": "arn:aws:ec2:sa-east-1:941513329680:key-pair/clouddevops",
            "fingerprint": "75:71:d2:f8:cd:1d:b5:75:f2:27:b2:bb:76:98:d9:a2",
            "id": "clouddevops",
            "key_name": "clouddevops",
            "key_name_prefix": null,
            "key_pair_id": "key-0b18038b6f84799db",
            "public_key": "ssh-rsa AAAAB3NzaC1yc2EAAAADAQABAAABAQCdOvlhCmd2JjgGZ+NTeCkxeEtVDVc3Qz5c4aLehqQCeZTh4SLpCNrEU0ZGkz08xO1cBtpdu4T0gLaQ48/bebgMonZ8goU9BP3pF2YDkDauo44+oIDZKaQ7atuirlkKSNyJ4ML1p1I2MKSCDiWHKabBW8HbwT74zG+PBHQcFmaF2m7gFXtckg0D6VsUrv75JVgQCXPj3nzI17JMEqmNYzZF/emAXdD3cqb469/JphtgO6B7xxPuIQWG+iNiTYKZf/yDGCI7tsyNcpRjrfcrvyYSj+3+Wnig+X7lyKUVy9QPToPd9OWko6xaG+aE5l/OLbSJjrNFSdk6Bni4MeTAhS8X",
            "tags": {},
            "tags_all": {}
          },
          "sensitive_attributes": [],
          "private": "eyJzY2hlbWFfdmVyc2lvbiI6IjEifQ=="
        }
      ]
    },
    {
      "mode": "managed",
      "type": "aws_security_group",
      "name": "main",
      "provider": "provider[\"registry.terraform.io/hashicorp/aws\"]",
      "instances": [
        {
          "schema_version": 1,
          "attributes": {
            "arn": "arn:aws:ec2:sa-east-1:941513329680:security-group/sg-0cb79ea4853a9e04b",
            "description": "Managed by Terraform",
            "egress": [
              {
                "cidr_blocks": [
                  "0.0.0.0/0"
                ],
                "description": "",
                "from_port": 0,
                "ipv6_cidr_blocks": [],
                "prefix_list_ids": [],
                "protocol": "tcp",
                "security_groups": [],
                "self": false,
                "to_port": 0
              }
            ],
            "id": "sg-0cb79ea4853a9e04b",
            "ingress": [
              {
                "cidr_blocks": [
                  "0.0.0.0/0"
                ],
                "description": "",
                "from_port": 3389,
                "ipv6_cidr_blocks": [],
                "prefix_list_ids": [],
                "protocol": "tcp",
                "security_groups": [],
                "self": false,
                "to_port": 3389
              }
            ],
            "name": "AWS_WIN2012-security-group",
            "name_prefix": "",
            "owner_id": "941513329680",
            "revoke_rules_on_delete": false,
            "tags": {
              "Name": "AWS_WIN2012-security-group"
            },
            "tags_all": {
              "Name": "AWS_WIN2012-security-group"
            },
            "timeouts": null,
            "vpc_id": "vpc-c021f0a6"
          },
          "sensitive_attributes": [],
          "private": "eyJlMmJmYjczMC1lY2FhLTExZTYtOGY4OC0zNDM2M2JjN2M0YzAiOnsiY3JlYXRlIjo2MDAwMDAwMDAwMDAsImRlbGV0ZSI6OTAwMDAwMDAwMDAwfSwic2NoZW1hX3ZlcnNpb24iOiIxIn0="
        }
      ]
    }
  ]
}
